
Microsoft Visual Studio Solution File, Format Version 12.00
# Visual Studio 14
VisualStudioVersion = 14.0.25123.0
MinimumVisualStudioVersion = 10.0.40219.1
Project("{FAE04EC0-301F-11D3-BF4B-00C04F79EFBC}") = "WrapRec", "WrapRec\WrapRec.csproj", "{2F243960-E695-4990-9C9E-E395979165DE}"
EndProject
Global
	GlobalSection(SolutionConfigurationPlatforms) = preSolution
		Debug|Any CPU = Debug|Any CPU
		Debug|Mixed Platforms = Debug|Mixed Platforms
		Debug|x64 = Debug|x64
		Release|Any CPU = Release|Any CPU
		Release|Mixed Platforms = Release|Mixed Platforms
		Release|x64 = Release|x64
	EndGlobalSection
	GlobalSection(ProjectConfigurationPlatforms) = postSolution
		{2F243960-E695-4990-9C9E-E395979165DE}.Debug|Any CPU.ActiveCfg = Debug|x64
		{2F243960-E695-4990-9C9E-E395979165DE}.Debug|Any CPU.Build.0 = Debug|x64
		{2F243960-E695-4990-9C9E-E395979165DE}.Debug|Mixed Platforms.ActiveCfg = Debug|x64
		{2F243960-E695-4990-9C9E-E395979165DE}.Debug|Mixed Platforms.Build.0 = Debug|x64
		{2F243960-E695-4990-9C9E-E395979165DE}.Debug|x64.ActiveCfg = Debug|x64
		{2F243960-E695-4990-9C9E-E395979165DE}.Debug|x64.Build.0 = Debug|x64
		{2F243960-E695-4990-9C9E-E395979165DE}.Debug|x64.Deploy.0 = Debug|x64
		{2F243960-E695-4990-9C9E-E395979165DE}.Release|Any CPU.ActiveCfg = Debug|x64
		{2F243960-E695-4990-9C9E-E395979165DE}.Release|Any CPU.Build.0 = Debug|x64
		{2F243960-E695-4990-9C9E-E395979165DE}.Release|Mixed Platforms.ActiveCfg = Debug|x64
		{2F243960-E695-4990-9C9E-E395979165DE}.Release|Mixed Platforms.Build.0 = Debug|x64
		{2F243960-E695-4990-9C9E-E395979165DE}.Release|x64.ActiveCfg = Release|x64
		{2F243960-E695-4990-9C9E-E395979165DE}.Release|x64.Build.0 = Release|x64
	EndGlobalSection
	GlobalSection(SolutionProperties) = preSolution
		HideSolutionNode = FALSE
	EndGlobalSection
EndGlobal
